Microsoft Visual Studio Solution File, Format Version 12.00
# Visual Studio Version 17
VisualStudioVersion = 17.5.2.0
MinimumVisualStudioVersion = 10.0.40219.1
Project("{FAE04EC0-301F-11D3-BF4B-00C04F79EFBC}") = "MyBlogSite", "MyBlogSite.csproj", "{A12F9ED4-7777-3B8E-E281-C7C0ED0E669A}"
EndProject
Global
	GlobalSection(SolutionConfigurationPlatforms) = preSolution
		Debug|Any CPU = Debug|Any CPU
		Release|Any CPU = Release|Any CPU
	EndGlobalSection
	GlobalSection(ProjectConfigurationPlatforms) = postSolution
		{A12F9ED4-7777-3B8E-E281-C7C0ED0E669A}.Debug|Any CPU.ActiveCfg = Debug|Any CPU
		{A12F9ED4-7777-3B8E-E281-C7C0ED0E669A}.Debug|Any CPU.Build.0 = Debug|Any CPU
		{A12F9ED4-7777-3B8E-E281-C7C0ED0E669A}.Release|Any CPU.ActiveCfg = Release|Any CPU
		{A12F9ED4-7777-3B8E-E281-C7C0ED0E669A}.Release|Any CPU.Build.0 = Release|Any CPU
	EndGlobalSection
	GlobalSection(SolutionProperties) = preSolution
		HideSolutionNode = FALSE
	EndGlobalSection
	GlobalSection(ExtensibilityGlobals) = postSolution
		SolutionGuid = {95F29D03-1725-4661-B175-5264630D33F5}
	EndGlobalSection
EndGlobal
